
Microsoft Visual Studio Solution File, Format Version 12.00
# Visual Studio 2013
# UnrealEngineGeneratedSolutionVersion=1.0
Project("{2150E333-8FDC-42A3-9474-1A3956D46DE8}") = "Engine", "Engine", "{2E742585-AD17-41BA-BE90-1D3A7ACCF256}"
EndProject
Project("{2150E333-8FDC-42A3-9474-1A3956D46DE8}") = "Games", "Games", "{0177D6F1-A888-46A5-8ED3-C3860BE56F62}"
EndProject
Project("{8BC9CEB8-8B4A-11D0-8D11-00A0C91BC942}") = "UE4", "Intermediate\ProjectFiles\UE4.vcxproj", "{067A7E43-7C25-42BF-AF90-62729A85794A}"
EndProject
Project("{8BC9CEB8-8B4A-11D0-8D11-00A0C91BC942}") = "SurvivalGame", "Intermediate\ProjectFiles\SurvivalGame.vcxproj", "{4DBCF9CA-67B0-48D4-832A-CDD27B003E1D}"
EndProject
Global
	GlobalSection(SolutionConfigurationPlatforms) = preSolution
		DebugGame Editor|Win32 = DebugGame Editor|Win32
		DebugGame Editor|Win64 = DebugGame Editor|Win64
		DebugGame|Win32 = DebugGame|Win32
		DebugGame|Win64 = DebugGame|Win64
		Development Editor|Win32 = Development Editor|Win32
		Development Editor|Win64 = Development Editor|Win64
		Development|Win32 = Development|Win32
		Development|Win64 = Development|Win64
		Shipping|Win32 = Shipping|Win32
		Shipping|Win64 = Shipping|Win64
	EndGlobalSection
	GlobalSection(ProjectConfigurationPlatforms) = postSolution
		{4DBCF9CA-67B0-48D4-832A-CDD27B003E1D}.DebugGame Editor|Win32.ActiveCfg = DebugGame_Editor|Win32
		{4DBCF9CA-67B0-48D4-832A-CDD27B003E1D}.DebugGame Editor|Win32.Build.0 = DebugGame_Editor|Win32
		{4DBCF9CA-67B0-48D4-832A-CDD27B003E1D}.DebugGame Editor|Win64.ActiveCfg = DebugGame_Editor|x64
		{4DBCF9CA-67B0-48D4-832A-CDD27B003E1D}.DebugGame Editor|Win64.Build.0 = DebugGame_Editor|x64
		{4DBCF9CA-67B0-48D4-832A-CDD27B003E1D}.DebugGame|Win32.ActiveCfg = DebugGame_Game|Win32
		{4DBCF9CA-67B0-48D4-832A-CDD27B003E1D}.DebugGame|Win32.Build.0 = DebugGame_Game|Win32
		{4DBCF9CA-67B0-48D4-832A-CDD27B003E1D}.DebugGame|Win64.ActiveCfg = DebugGame_Game|x64
		{4DBCF9CA-67B0-48D4-832A-CDD27B003E1D}.DebugGame|Win64.Build.0 = DebugGame_Game|x64
		{4DBCF9CA-67B0-48D4-832A-CDD27B003E1D}.Development Editor|Win32.ActiveCfg = Development_Editor|Win32
		{4DBCF9CA-67B0-48D4-832A-CDD27B003E1D}.Development Editor|Win32.Build.0 = Development_Editor|Win32
		{4DBCF9CA-67B0-48D4-832A-CDD27B003E1D}.Development Editor|Win64.ActiveCfg = Development_Editor|x64
		{4DBCF9CA-67B0-48D4-832A-CDD27B003E1D}.Development Editor|Win64.Build.0 = Development_Editor|x64
		{4DBCF9CA-67B0-48D4-832A-CDD27B003E1D}.Development|Win32.ActiveCfg = Development_Game|Win32
		{4DBCF9CA-67B0-48D4-832A-CDD27B003E1D}.Development|Win32.Build.0 = Development_Game|Win32
		{4DBCF9CA-67B0-48D4-832A-CDD27B003E1D}.Development|Win64.ActiveCfg = Development_Game|x64
		{4DBCF9CA-67B0-48D4-832A-CDD27B003E1D}.Development|Win64.Build.0 = Development_Game|x64
		{4DBCF9CA-67B0-48D4-832A-CDD27B003E1D}.Shipping|Win32.ActiveCfg = Shipping_Game|Win32
		{4DBCF9CA-67B0-48D4-832A-CDD27B003E1D}.Shipping|Win32.Build.0 = Shipping_Game|Win32
		{4DBCF9CA-67B0-48D4-832A-CDD27B003E1D}.Shipping|Win64.ActiveCfg = Shipping_Game|x64
		{4DBCF9CA-67B0-48D4-832A-CDD27B003E1D}.Shipping|Win64.Build.0 = Shipping_Game|x64
	EndGlobalSection
	GlobalSection(SolutionProperties) = preSolution
		HideSolutionNode = FALSE
	EndGlobalSection
	GlobalSection(NestedProjects) = preSolution
		{067A7E43-7C25-42BF-AF90-62729A85794A} = {2E742585-AD17-41BA-BE90-1D3A7ACCF256}
		{4DBCF9CA-67B0-48D4-832A-CDD27B003E1D} = {0177D6F1-A888-46A5-8ED3-C3860BE56F62}
	EndGlobalSection
EndGlobal
